
Microsoft Visual Studio Solution File, Format Version 12.00
# Visual Studio Version 17
VisualStudioVersion = 17.11.35327.3
MinimumVisualStudioVersion = 10.0.40219.1
Project("{FAE04EC0-301F-11D3-BF4B-00C04F79EFBC}") = "MartianRobots", "MartianRobots\MartianRobots.csproj", "{361D5E83-0878-4407-B352-9DF6B72A419A}"
EndProject
Project("{FAE04EC0-301F-11D3-BF4B-00C04F79EFBC}") = "MartianRobotsTests", "MartianRobotsTests\MartianRobotsTests.csproj", "{3E904945-C1F8-4B66-A908-04EEDA1CC15F}"
EndProject
Global
	GlobalSection(SolutionConfigurationPlatforms) = preSolution
		Debug|Any CPU = Debug|Any CPU
		Release|Any CPU = Release|Any CPU
	EndGlobalSection
	GlobalSection(ProjectConfigurationPlatforms) = postSolution
		{361D5E83-0878-4407-B352-9DF6B72A419A}.Debug|Any CPU.ActiveCfg = Debug|Any CPU
		{361D5E83-0878-4407-B352-9DF6B72A419A}.Debug|Any CPU.Build.0 = Debug|Any CPU
		{361D5E83-0878-4407-B352-9DF6B72A419A}.Release|Any CPU.ActiveCfg = Release|Any CPU
		{361D5E83-0878-4407-B352-9DF6B72A419A}.Release|Any CPU.Build.0 = Release|Any CPU
		{3E904945-C1F8-4B66-A908-04EEDA1CC15F}.Debug|Any CPU.ActiveCfg = Debug|Any CPU
		{3E904945-C1F8-4B66-A908-04EEDA1CC15F}.Debug|Any CPU.Build.0 = Debug|Any CPU
		{3E904945-C1F8-4B66-A908-04EEDA1CC15F}.Release|Any CPU.ActiveCfg = Release|Any CPU
		{3E904945-C1F8-4B66-A908-04EEDA1CC15F}.Release|Any CPU.Build.0 = Release|Any CPU
	EndGlobalSection
	GlobalSection(SolutionProperties) = preSolution
		HideSolutionNode = FALSE
	EndGlobalSection
	GlobalSection(ExtensibilityGlobals) = postSolution
		SolutionGuid = {E6AE0E0B-73C4-4805-9108-9E669F5B07A9}
	EndGlobalSection
EndGlobal
